{
  "name": "n-lingual",
  "version": "0.1.0",
  "lockfileVersion": 1,
  "requires": true,
  "dependencies": {
    "@nlib/ast": {
      "version": "0.2.2",
      "resolved": "https://registry.npmjs.org/@nlib/ast/-/ast-0.2.2.tgz",
      "integrity": "sha512-FBEyzDoxMrjngRinrRwP2zKWogTyBFHGngKkYSMGvcHNEA1+67+NdnM0tSjhOOTaoZJMQK6aaLzWmbiFiUjWyw=="
    },
    "@nlib/cp": {
      "version": "1.0.1",
      "resolved": "https://registry.npmjs.org/@nlib/cp/-/cp-1.0.1.tgz",
      "integrity": "sha512-I2dBivjHfRbdUZflirFVCWoHGJeYz3sqmU8Xs7YiGSawaBMMY3jMkAwX6BNldUelmY6NeRQKUyksp1UFFoNSbQ==",
      "dev": true,
      "requires": {
        "@nlib/mkdir": "1.0.2",
        "@nlib/promisify": "1.0.1"
      }
    },
    "@nlib/human-readable": {
      "version": "1.0.1",
      "resolved": "https://registry.npmjs.org/@nlib/human-readable/-/human-readable-1.0.1.tgz",
      "integrity": "sha512-9tgBDwIIbDxouEjhqb/q3bVmYU3RCH6I5AtdOPBZmj2ML/W1i/4tLQ23iy5hIFgwoRIg66Kt280COHvwoW1+fA==",
      "dev": true
    },
    "@nlib/lint": {
      "version": "2.2.1",
      "resolved": "https://registry.npmjs.org/@nlib/lint/-/lint-2.2.1.tgz",
      "integrity": "sha1-aWb55cNrWX9IHj4aGz+65uqztoY=",
      "dev": true
    },
    "@nlib/mkdir": {
      "version": "1.0.2",
      "resolved": "https://registry.npmjs.org/@nlib/mkdir/-/mkdir-1.0.2.tgz",
      "integrity": "sha1-PZh8pRUlYEmfVvcmEifXf8GwdAc=",
      "dev": true,
      "requires": {
        "@nlib/promisify": "1.0.1"
      }
    },
    "@nlib/promisify": {
      "version": "1.0.1",
      "resolved": "https://registry.npmjs.org/@nlib/promisify/-/promisify-1.0.1.tgz",
      "integrity": "sha512-6qhqU3dWjqPZ+FvE0j4qMW9WBcrFSNrEqNffNeetP2J+q02WZy0Cp/7n7HDJoZDqnLKUEdCN5IikUFPv2rYj/Q==",
      "dev": true
    },
    "@nlib/rm": {
      "version": "1.0.0",
      "resolved": "https://registry.npmjs.org/@nlib/rm/-/rm-1.0.0.tgz",
      "integrity": "sha512-iAl+GV+Zs1+UAK20PYDln9iAaI8cY6ToJFQ1FCQbUY14Ugsw7AEHtBVahFZ4r/L1qR83xTKdVQJQagPNcOd+EQ==",
      "dev": true,
      "requires": {
        "@nlib/promisify": "1.0.1"
      }
    },
    "@nlib/test": {
      "version": "1.2.3",
      "resolved": "https://registry.npmjs.org/@nlib/test/-/test-1.2.3.tgz",
      "integrity": "sha1-Gk2EcHkEzfonNs5MeNt/m68xTMI=",
      "dev": true,
      "requires": {
        "@nlib/human-readable": "1.0.1"
      }
    },
    "acorn": {
      "version": "5.3.0",
      "resolved": "https://registry.npmjs.org/acorn/-/acorn-5.3.0.tgz",
      "integrity": "sha512-Yej+zOJ1Dm/IMZzzj78OntP/r3zHEaKcyNoU2lAaxPtrseM6rF0xwqoz5Q5ysAiED9hTjI2hgtvLXitlCN1/Ug=="
    },
    "magic-string": {
      "version": "0.22.4",
      "resolved": "https://registry.npmjs.org/magic-string/-/magic-string-0.22.4.tgz",
      "integrity": "sha512-kxBL06p6iO2qPBHsqGK2b3cRwiRGpnmSuVWNhwHcMX7qJOUr1HvricYP1LZOCdkQBUp0jiWg2d6WJwR3vYgByw==",
      "requires": {
        "vlq": "0.2.3"
      }
    },
    "vlq": {
      "version": "0.2.3",
      "resolved": "https://registry.npmjs.org/vlq/-/vlq-0.2.3.tgz",
      "integrity": "sha512-DRibZL6DsNhIgYQ+wNdWDL2SL3bKPlVrRiBqV5yuMm++op8W4kGFtaQfCs4KEJn0wBZcHVHJ3eoywX8983k1ow=="
    }
  }
}
