{
  "name": "n-lingual",
  "version": "0.1.11",
  "lockfileVersion": 1,
  "requires": true,
  "dependencies": {
    "@nlib/ast": {
      "version": "0.2.2",
      "resolved": "https://registry.npmjs.org/@nlib/ast/-/ast-0.2.2.tgz",
      "integrity": "sha512-FBEyzDoxMrjngRinrRwP2zKWogTyBFHGngKkYSMGvcHNEA1+67+NdnM0tSjhOOTaoZJMQK6aaLzWmbiFiUjWyw=="
    },
    "@nlib/cp": {
      "version": "1.0.1",
      "resolved": "https://registry.npmjs.org/@nlib/cp/-/cp-1.0.1.tgz",
      "integrity": "sha512-I2dBivjHfRbdUZflirFVCWoHGJeYz3sqmU8Xs7YiGSawaBMMY3jMkAwX6BNldUelmY6NeRQKUyksp1UFFoNSbQ==",
      "dev": true,
      "requires": {
        "@nlib/mkdir": "1.0.2",
        "@nlib/promisify": "1.0.1"
      }
    },
    "@nlib/human-readable": {
      "version": "1.0.1",
      "resolved": "https://registry.npmjs.org/@nlib/human-readable/-/human-readable-1.0.1.tgz",
      "integrity": "sha512-9tgBDwIIbDxouEjhqb/q3bVmYU3RCH6I5AtdOPBZmj2ML/W1i/4tLQ23iy5hIFgwoRIg66Kt280COHvwoW1+fA==",
      "dev": true
    },
    "@nlib/lint": {
      "version": "2.2.8",
      "resolved": "https://registry.npmjs.org/@nlib/lint/-/lint-2.2.8.tgz",
      "integrity": "sha512-cUtv3ccjsPaVo10IgcdBt93mjfJEqDkY+hEVQh0BTzOo1QCQ/yRLzYFSSbWaN7e/n8srdEDk6ArcQoD5Gbstfg==",
      "dev": true,
      "requires": {
        "minimist": "1.2.0"
      }
    },
    "@nlib/mkdir": {
      "version": "1.0.2",
      "resolved": "https://registry.npmjs.org/@nlib/mkdir/-/mkdir-1.0.2.tgz",
      "integrity": "sha1-PZh8pRUlYEmfVvcmEifXf8GwdAc=",
      "dev": true,
      "requires": {
        "@nlib/promisify": "1.0.1"
      }
    },
    "@nlib/promisify": {
      "version": "1.0.1",
      "resolved": "https://registry.npmjs.org/@nlib/promisify/-/promisify-1.0.1.tgz",
      "integrity": "sha512-6qhqU3dWjqPZ+FvE0j4qMW9WBcrFSNrEqNffNeetP2J+q02WZy0Cp/7n7HDJoZDqnLKUEdCN5IikUFPv2rYj/Q==",
      "dev": true
    },
    "@nlib/rm": {
      "version": "1.0.0",
      "resolved": "https://registry.npmjs.org/@nlib/rm/-/rm-1.0.0.tgz",
      "integrity": "sha512-iAl+GV+Zs1+UAK20PYDln9iAaI8cY6ToJFQ1FCQbUY14Ugsw7AEHtBVahFZ4r/L1qR83xTKdVQJQagPNcOd+EQ==",
      "dev": true,
      "requires": {
        "@nlib/promisify": "1.0.1"
      }
    },
    "@nlib/test": {
      "version": "1.3.4",
      "resolved": "https://registry.npmjs.org/@nlib/test/-/test-1.3.4.tgz",
      "integrity": "sha512-y1wNzS9D6FYQBdH7AVbrF9TqSiaAy1NYzZD+Hz0s82tAPXEIFQoc91YZa56CqeJjKslu/okFYRScv47sa0ZdFQ==",
      "dev": true,
      "requires": {
        "@nlib/human-readable": "1.0.1"
      }
    },
    "acorn": {
      "version": "5.5.1",
      "resolved": "https://registry.npmjs.org/acorn/-/acorn-5.5.1.tgz",
      "integrity": "sha512-D/KGiCpM/VOtTMDS+wfjywEth926WUrArrzYov4N4SI7t+3y8747dPpCmmAvrm/Z3ygqMHnyPxvYYO0yTdn/nQ=="
    },
    "magic-string": {
      "version": "0.22.4",
      "resolved": "https://registry.npmjs.org/magic-string/-/magic-string-0.22.4.tgz",
      "integrity": "sha512-kxBL06p6iO2qPBHsqGK2b3cRwiRGpnmSuVWNhwHcMX7qJOUr1HvricYP1LZOCdkQBUp0jiWg2d6WJwR3vYgByw==",
      "requires": {
        "vlq": "0.2.3"
      }
    },
    "minimist": {
      "version": "1.2.0",
      "resolved": "https://registry.npmjs.org/minimist/-/minimist-1.2.0.tgz",
      "integrity": "sha1-o1AIsg9BOD7sH7kU9M1d95omQoQ=",
      "dev": true
    },
    "vlq": {
      "version": "0.2.3",
      "resolved": "https://registry.npmjs.org/vlq/-/vlq-0.2.3.tgz",
      "integrity": "sha512-DRibZL6DsNhIgYQ+wNdWDL2SL3bKPlVrRiBqV5yuMm++op8W4kGFtaQfCs4KEJn0wBZcHVHJ3eoywX8983k1ow=="
    }
  }
}
